// !$*UTF8*$!
{
	archiveVersion = 1;
	classes = {
	};
	objectVersion = 56;
	objects = {

/* Begin PBXBuildFile section */
		847A7BFC2AB6F99D00EFF402 /* TestTaskForSberApp.swift in Sources */ = {isa = PBXBuildFile; fileRef = 847A7BFB2AB6F99D00EFF402 /* TestTaskForSberApp.swift */; };
		847A7C002AB6F99D00EFF402 /* Assets.xcassets in Resources */ = {isa = PBXBuildFile; fileRef = 847A7BFF2AB6F99D00EFF402 /* Assets.xcassets */; };
		847A7C032AB6F99D00EFF402 /* Preview Assets.xcassets in Resources */ = {isa = PBXBuildFile; fileRef = 847A7C022AB6F99D00EFF402 /* Preview Assets.xcassets */; };
		847A7C0F2AB6FA1800EFF402 /* MainView.swift in Sources */ = {isa = PBXBuildFile; fileRef = 847A7C0E2AB6FA1800EFF402 /* MainView.swift */; };
		847A7C112AB6FA2700EFF402 /* MainViewModel.swift in Sources */ = {isa = PBXBuildFile; fileRef = 847A7C102AB6FA2700EFF402 /* MainViewModel.swift */; };
		847A7C182AB7060F00EFF402 /* ImageModel.swift in Sources */ = {isa = PBXBuildFile; fileRef = 847A7C172AB7060F00EFF402 /* ImageModel.swift */; };
		847A7C1B2AB706C700EFF402 /* GetImageService.swift in Sources */ = {isa = PBXBuildFile; fileRef = 847A7C1A2AB706C700EFF402 /* GetImageService.swift */; };
		847A7C1E2AB7180400EFF402 /* ImageZoomView.swift in Sources */ = {isa = PBXBuildFile; fileRef = 847A7C1D2AB7180400EFF402 /* ImageZoomView.swift */; };
		847A7C3A2AB7367A00EFF402 /* CacheAsyncImage.swift in Sources */ = {isa = PBXBuildFile; fileRef = 847A7C392AB7367A00EFF402 /* CacheAsyncImage.swift */; };
/* End PBXBuildFile section */

/* Begin PBXFileReference section */
		847A7BF82AB6F99D00EFF402 /* TestTaskForSber.app */ = {isa = PBXFileReference; explicitFileType = wrapper.application; includeInIndex = 0; path = TestTaskForSber.app; sourceTree = BUILT_PRODUCTS_DIR; };
		847A7BFB2AB6F99D00EFF402 /* TestTaskForSberApp.swift */ = {isa = PBXFileReference; lastKnownFileType = sourcecode.swift; path = TestTaskForSberApp.swift; sourceTree = "<group>"; };
		847A7BFF2AB6F99D00EFF402 /* Assets.xcassets */ = {isa = PBXFileReference; lastKnownFileType = folder.assetcatalog; path = Assets.xcassets; sourceTree = "<group>"; };
		847A7C022AB6F99D00EFF402 /* Preview Assets.xcassets */ = {isa = PBXFileReference; lastKnownFileType = folder.assetcatalog; path = "Preview Assets.xcassets"; sourceTree = "<group>"; };
		847A7C0E2AB6FA1800EFF402 /* MainView.swift */ = {isa = PBXFileReference; lastKnownFileType = sourcecode.swift; path = MainView.swift; sourceTree = "<group>"; };
		847A7C102AB6FA2700EFF402 /* MainViewModel.swift */ = {isa = PBXFileReference; lastKnownFileType = sourcecode.swift; path = MainViewModel.swift; sourceTree = "<group>"; };
		847A7C172AB7060F00EFF402 /* ImageModel.swift */ = {isa = PBXFileReference; lastKnownFileType = sourcecode.swift; path = ImageModel.swift; sourceTree = "<group>"; };
		847A7C1A2AB706C700EFF402 /* GetImageService.swift */ = {isa = PBXFileReference; lastKnownFileType = sourcecode.swift; path = GetImageService.swift; sourceTree = "<group>"; };
		847A7C1D2AB7180400EFF402 /* ImageZoomView.swift */ = {isa = PBXFileReference; lastKnownFileType = sourcecode.swift; path = ImageZoomView.swift; sourceTree = "<group>"; };
		847A7C392AB7367A00EFF402 /* CacheAsyncImage.swift */ = {isa = PBXFileReference; lastKnownFileType = sourcecode.swift; path = CacheAsyncImage.swift; sourceTree = "<group>"; };
/* End PBXFileReference section */

/* Begin PBXFrameworksBuildPhase section */
		847A7BF52AB6F99D00EFF402 /* Frameworks */ = {
			isa = PBXFrameworksBuildPhase;
			buildActionMask = 2147483647;
			files = (
			);
			runOnlyForDeploymentPostprocessing = 0;
		};
/* End PBXFrameworksBuildPhase section */

/* Begin PBXGroup section */
		847A7BEF2AB6F99D00EFF402 = {
			isa = PBXGroup;
			children = (
				847A7BFA2AB6F99D00EFF402 /* TestTaskForSber */,
				847A7BF92AB6F99D00EFF402 /* Products */,
			);
			sourceTree = "<group>";
		};
		847A7BF92AB6F99D00EFF402 /* Products */ = {
			isa = PBXGroup;
			children = (
				847A7BF82AB6F99D00EFF402 /* TestTaskForSber.app */,
			);
			name = Products;
			sourceTree = "<group>";
		};
		847A7BFA2AB6F99D00EFF402 /* TestTaskForSber */ = {
			isa = PBXGroup;
			children = (
				847A7C0C2AB6F9DF00EFF402 /* App */,
				847A7C0B2AB6F9DB00EFF402 /* View */,
				847A7C0A2AB6F9D600EFF402 /* Network */,
				847A7C092AB6F9C500EFF402 /* Core */,
				847A7BFF2AB6F99D00EFF402 /* Assets.xcassets */,
				847A7C012AB6F99D00EFF402 /* Preview Content */,
			);
			path = TestTaskForSber;
			sourceTree = "<group>";
		};
		847A7C012AB6F99D00EFF402 /* Preview Content */ = {
			isa = PBXGroup;
			children = (
				847A7C022AB6F99D00EFF402 /* Preview Assets.xcassets */,
			);
			path = "Preview Content";
			sourceTree = "<group>";
		};
		847A7C092AB6F9C500EFF402 /* Core */ = {
			isa = PBXGroup;
			children = (
				847A7C392AB7367A00EFF402 /* CacheAsyncImage.swift */,
			);
			path = Core;
			sourceTree = "<group>";
		};
		847A7C0A2AB6F9D600EFF402 /* Network */ = {
			isa = PBXGroup;
			children = (
				847A7C152AB6FFB500EFF402 /* Services */,
				847A7C122AB6FF8700EFF402 /* Models */,
			);
			path = Network;
			sourceTree = "<group>";
		};
		847A7C0B2AB6F9DB00EFF402 /* View */ = {
			isa = PBXGroup;
			children = (
				847A7C1C2AB717F400EFF402 /* ImageZoomView */,
				847A7C0D2AB6FA0700EFF402 /* MainView */,
			);
			path = View;
			sourceTree = "<group>";
		};
		847A7C0C2AB6F9DF00EFF402 /* App */ = {
			isa = PBXGroup;
			children = (
				847A7BFB2AB6F99D00EFF402 /* TestTaskForSberApp.swift */,
			);
			path = App;
			sourceTree = "<group>";
		};
		847A7C0D2AB6FA0700EFF402 /* MainView */ = {
			isa = PBXGroup;
			children = (
				847A7C0E2AB6FA1800EFF402 /* MainView.swift */,
				847A7C102AB6FA2700EFF402 /* MainViewModel.swift */,
			);
			path = MainView;
			sourceTree = "<group>";
		};
		847A7C122AB6FF8700EFF402 /* Models */ = {
			isa = PBXGroup;
			children = (
				847A7C172AB7060F00EFF402 /* ImageModel.swift */,
			);
			path = Models;
			sourceTree = "<group>";
		};
		847A7C152AB6FFB500EFF402 /* Services */ = {
			isa = PBXGroup;
			children = (
				847A7C1A2AB706C700EFF402 /* GetImageService.swift */,
			);
			path = Services;
			sourceTree = "<group>";
		};
		847A7C1C2AB717F400EFF402 /* ImageZoomView */ = {
			isa = PBXGroup;
			children = (
				847A7C1D2AB7180400EFF402 /* ImageZoomView.swift */,
			);
			path = ImageZoomView;
			sourceTree = "<group>";
		};
/* End PBXGroup section */

/* Begin PBXNativeTarget section */
		847A7BF72AB6F99D00EFF402 /* TestTaskForSber */ = {
			isa = PBXNativeTarget;
			buildConfigurationList = 847A7C062AB6F99D00EFF402 /* Build configuration list for PBXNativeTarget "TestTaskForSber" */;
			buildPhases = (
				847A7BF42AB6F99D00EFF402 /* Sources */,
				847A7BF52AB6F99D00EFF402 /* Frameworks */,
				847A7BF62AB6F99D00EFF402 /* Resources */,
			);
			buildRules = (
			);
			dependencies = (
			);
			name = TestTaskForSber;
			productName = TestTaskForSber;
			productReference = 847A7BF82AB6F99D00EFF402 /* TestTaskForSber.app */;
			productType = "com.apple.product-type.application";
		};
/* End PBXNativeTarget section */

/* Begin PBXProject section */
		847A7BF02AB6F99D00EFF402 /* Project object */ = {
			isa = PBXProject;
			attributes = {
				BuildIndependentTargetsInParallel = 1;
				LastSwiftUpdateCheck = 1430;
				LastUpgradeCheck = 1430;
				TargetAttributes = {
					847A7BF72AB6F99D00EFF402 = {
						CreatedOnToolsVersion = 14.3;
					};
				};
			};
			buildConfigurationList = 847A7BF32AB6F99D00EFF402 /* Build configuration list for PBXProject "TestTaskForSber" */;
			compatibilityVersion = "Xcode 14.0";
			developmentRegion = en;
			hasScannedForEncodings = 0;
			knownRegions = (
				en,
				Base,
			);
			mainGroup = 847A7BEF2AB6F99D00EFF402;
			productRefGroup = 847A7BF92AB6F99D00EFF402 /* Products */;
			projectDirPath = "";
			projectRoot = "";
			targets = (
				847A7BF72AB6F99D00EFF402 /* TestTaskForSber */,
			);
		};
/* End PBXProject section */

/* Begin PBXResourcesBuildPhase section */
		847A7BF62AB6F99D00EFF402 /* Resources */ = {
			isa = PBXResourcesBuildPhase;
			buildActionMask = 2147483647;
			files = (
				847A7C032AB6F99D00EFF402 /* Preview Assets.xcassets in Resources */,
				847A7C002AB6F99D00EFF402 /* Assets.xcassets in Resources */,
			);
			runOnlyForDeploymentPostprocessing = 0;
		};
/* End PBXResourcesBuildPhase section */

/* Begin PBXSourcesBuildPhase section */
		847A7BF42AB6F99D00EFF402 /* Sources */ = {
			isa = PBXSourcesBuildPhase;
			buildActionMask = 2147483647;
			files = (
				847A7C0F2AB6FA1800EFF402 /* MainView.swift in Sources */,
				847A7BFC2AB6F99D00EFF402 /* TestTaskForSberApp.swift in Sources */,
				847A7C112AB6FA2700EFF402 /* MainViewModel.swift in Sources */,
				847A7C182AB7060F00EFF402 /* ImageModel.swift in Sources */,
				847A7C1B2AB706C700EFF402 /* GetImageService.swift in Sources */,
				847A7C3A2AB7367A00EFF402 /* CacheAsyncImage.swift in Sources */,
				847A7C1E2AB7180400EFF402 /* ImageZoomView.swift in Sources */,
			);
			runOnlyForDeploymentPostprocessing = 0;
		};
/* End PBXSourcesBuildPhase section */

/* Begin XCBuildConfiguration section */
		847A7C042AB6F99D00EFF402 /* Debug */ = {
			isa = XCBuildConfiguration;
			buildSettings = {
				ALWAYS_SEARCH_USER_PATHS = NO;
				CLANG_ANALYZER_NONNULL = YES;
				CLANG_ANALYZER_NUMBER_OBJECT_CONVERSION = YES_AGGRESSIVE;
				CLANG_CXX_LANGUAGE_STANDARD = "gnu++20";
				CLANG_ENABLE_MODULES = YES;
				CLANG_ENABLE_OBJC_ARC = YES;
				CLANG_ENABLE_OBJC_WEAK = YES;
				CLANG_WARN_BLOCK_CAPTURE_AUTORELEASING = YES;
				CLANG_WARN_BOOL_CONVERSION = YES;
				CLANG_WARN_COMMA = YES;
				CLANG_WARN_CONSTANT_CONVERSION = YES;
				CLANG_WARN_DEPRECATED_OBJC_IMPLEMENTATIONS = YES;
				CLANG_WARN_DIRECT_OBJC_ISA_USAGE = YES_ERROR;
				CLANG_WARN_DOCUMENTATION_COMMENTS = YES;
				CLANG_WARN_EMPTY_BODY = YES;
				CLANG_WARN_ENUM_CONVERSION = YES;
				CLANG_WARN_INFINITE_RECURSION = YES;
				CLANG_WARN_INT_CONVERSION = YES;
				CLANG_WARN_NON_LITERAL_NULL_CONVERSION = YES;
				CLANG_WARN_OBJC_IMPLICIT_RETAIN_SELF = YES;
				CLANG_WARN_OBJC_LITERAL_CONVERSION = YES;
				CLANG_WARN_OBJC_ROOT_CLASS = YES_ERROR;
				CLANG_WARN_QUOTED_INCLUDE_IN_FRAMEWORK_HEADER = YES;
				CLANG_WARN_RANGE_LOOP_ANALYSIS = YES;
				CLANG_WARN_STRICT_PROTOTYPES = YES;
				CLANG_WARN_SUSPICIOUS_MOVE = YES;
				CLANG_WARN_UNGUARDED_AVAILABILITY = YES_AGGRESSIVE;
				CLANG_WARN_UNREACHABLE_CODE = YES;
				CLANG_WARN__DUPLICATE_METHOD_MATCH = YES;
				COPY_PHASE_STRIP = NO;
				DEBUG_INFORMATION_FORMAT = dwarf;
				ENABLE_STRICT_OBJC_MSGSEND = YES;
				ENABLE_TESTABILITY = YES;
				GCC_C_LANGUAGE_STANDARD = gnu11;
				GCC_DYNAMIC_NO_PIC = NO;
				GCC_NO_COMMON_BLOCKS = YES;
				GCC_OPTIMIZATION_LEVEL = 0;
				GCC_PREPROCESSOR_DEFINITIONS = (
					"DEBUG=1",
					"$(inherited)",
				);
				GCC_WARN_64_TO_32_BIT_CONVERSION = YES;
				GCC_WARN_ABOUT_RETURN_TYPE = YES_ERROR;
				GCC_WARN_UNDECLARED_SELECTOR = YES;
				GCC_WARN_UNINITIALIZED_AUTOS = YES_AGGRESSIVE;
				GCC_WARN_UNUSED_FUNCTION = YES;
				GCC_WARN_UNUSED_VARIABLE = YES;
				IPHONEOS_DEPLOYMENT_TARGET = 16.4;
				MTL_ENABLE_DEBUG_INFO = INCLUDE_SOURCE;
				MTL_FAST_MATH = YES;
				ONLY_ACTIVE_ARCH = YES;
				SDKROOT = iphoneos;
				SWIFT_ACTIVE_COMPILATION_CONDITIONS = DEBUG;
				SWIFT_OPTIMIZATION_LEVEL = "-Onone";
			};
			name = Debug;
		};
		847A7C052AB6F99D00EFF402 /* Release */ = {
			isa = XCBuildConfiguration;
			buildSettings = {
				ALWAYS_SEARCH_USER_PATHS = NO;
				CLANG_ANALYZER_NONNULL = YES;
				CLANG_ANALYZER_NUMBER_OBJECT_CONVERSION = YES_AGGRESSIVE;
				CLANG_CXX_LANGUAGE_STANDARD = "gnu++20";
				CLANG_ENABLE_MODULES = YES;
				CLANG_ENABLE_OBJC_ARC = YES;
				CLANG_ENABLE_OBJC_WEAK = YES;
				CLANG_WARN_BLOCK_CAPTURE_AUTORELEASING = YES;
				CLANG_WARN_BOOL_CONVERSION = YES;
				CLANG_WARN_COMMA = YES;
				CLANG_WARN_CONSTANT_CONVERSION = YES;
				CLANG_WARN_DEPRECATED_OBJC_IMPLEMENTATIONS = YES;
				CLANG_WARN_DIRECT_OBJC_ISA_USAGE = YES_ERROR;
				CLANG_WARN_DOCUMENTATION_COMMENTS = YES;
				CLANG_WARN_EMPTY_BODY = YES;
				CLANG_WARN_ENUM_CONVERSION = YES;
				CLANG_WARN_INFINITE_RECURSION = YES;
				CLANG_WARN_INT_CONVERSION = YES;
				CLANG_WARN_NON_LITERAL_NULL_CONVERSION = YES;
				CLANG_WARN_OBJC_IMPLICIT_RETAIN_SELF = YES;
				CLANG_WARN_OBJC_LITERAL_CONVERSION = YES;
				CLANG_WARN_OBJC_ROOT_CLASS = YES_ERROR;
				CLANG_WARN_QUOTED_INCLUDE_IN_FRAMEWORK_HEADER = YES;
				CLANG_WARN_RANGE_LOOP_ANALYSIS = YES;
				CLANG_WARN_STRICT_PROTOTYPES = YES;
				CLANG_WARN_SUSPICIOUS_MOVE = YES;
				CLANG_WARN_UNGUARDED_AVAILABILITY = YES_AGGRESSIVE;
				CLANG_WARN_UNREACHABLE_CODE = YES;
				CLANG_WARN__DUPLICATE_METHOD_MATCH = YES;
				COPY_PHASE_STRIP = NO;
				DEBUG_INFORMATION_FORMAT = "dwarf-with-dsym";
				ENABLE_NS_ASSERTIONS = NO;
				ENABLE_STRICT_OBJC_MSGSEND = YES;
				GCC_C_LANGUAGE_STANDARD = gnu11;
				GCC_NO_COMMON_BLOCKS = YES;
				GCC_WARN_64_TO_32_BIT_CONVERSION = YES;
				GCC_WARN_ABOUT_RETURN_TYPE = YES_ERROR;
				GCC_WARN_UNDECLARED_SELECTOR = YES;
				GCC_WARN_UNINITIALIZED_AUTOS = YES_AGGRESSIVE;
				GCC_WARN_UNUSED_FUNCTION = YES;
				GCC_WARN_UNUSED_VARIABLE = YES;
				IPHONEOS_DEPLOYMENT_TARGET = 16.4;
				MTL_ENABLE_DEBUG_INFO = NO;
				MTL_FAST_MATH = YES;
				SDKROOT = iphoneos;
				SWIFT_COMPILATION_MODE = wholemodule;
				SWIFT_OPTIMIZATION_LEVEL = "-O";
				VALIDATE_PRODUCT = YES;
			};
			name = Release;
		};
		847A7C072AB6F99D00EFF402 /* Debug */ = {
			isa = XCBuildConfiguration;
			buildSettings = {
				ASSETCATALOG_COMPILER_APPICON_NAME = AppIcon;
				ASSETCATALOG_COMPILER_GLOBAL_ACCENT_COLOR_NAME = AccentColor;
				CODE_SIGN_STYLE = Automatic;
				CURRENT_PROJECT_VERSION = 1;
				DEVELOPMENT_ASSET_PATHS = "\"TestTaskForSber/Preview Content\"";
				DEVELOPMENT_TEAM = APW3G743DH;
				ENABLE_PREVIEWS = YES;
				GENERATE_INFOPLIST_FILE = YES;
				INFOPLIST_KEY_UIApplicationSceneManifest_Generation = YES;
				INFOPLIST_KEY_UIApplicationSupportsIndirectInputEvents = YES;
				INFOPLIST_KEY_UILaunchScreen_Generation = YES;
				INFOPLIST_KEY_UISupportedInterfaceOrientations_iPad = "UIInterfaceOrientationPortrait UIInterfaceOrientationPortraitUpsideDown UIInterfaceOrientationLandscapeLeft UIInterfaceOrientationLandscapeRight";
				INFOPLIST_KEY_UISupportedInterfaceOrientations_iPhone = "UIInterfaceOrientationPortrait UIInterfaceOrientationLandscapeLeft UIInterfaceOrientationLandscapeRight";
				IPHONEOS_DEPLOYMENT_TARGET = 15.0;
				LD_RUNPATH_SEARCH_PATHS = (
					"$(inherited)",
					"@executable_path/Frameworks",
				);
				MARKETING_VERSION = 1.0;
				PRODUCT_BUNDLE_IDENTIFIER = rouk1e.TestTaskForSber;
				PRODUCT_NAME = "$(TARGET_NAME)";
				SWIFT_EMIT_LOC_STRINGS = YES;
				SWIFT_VERSION = 5.0;
				TARGETED_DEVICE_FAMILY = "1,2";
			};
			name = Debug;
		};
		847A7C082AB6F99D00EFF402 /* Release */ = {
			isa = XCBuildConfiguration;
			buildSettings = {
				ASSETCATALOG_COMPILER_APPICON_NAME = AppIcon;
				ASSETCATALOG_COMPILER_GLOBAL_ACCENT_COLOR_NAME = AccentColor;
				CODE_SIGN_STYLE = Automatic;
				CURRENT_PROJECT_VERSION = 1;
				DEVELOPMENT_ASSET_PATHS = "\"TestTaskForSber/Preview Content\"";
				DEVELOPMENT_TEAM = APW3G743DH;
				ENABLE_PREVIEWS = YES;
				GENERATE_INFOPLIST_FILE = YES;
				INFOPLIST_KEY_UIApplicationSceneManifest_Generation = YES;
				INFOPLIST_KEY_UIApplicationSupportsIndirectInputEvents = YES;
				INFOPLIST_KEY_UILaunchScreen_Generation = YES;
				INFOPLIST_KEY_UISupportedInterfaceOrientations_iPad = "UIInterfaceOrientationPortrait UIInterfaceOrientationPortraitUpsideDown UIInterfaceOrientationLandscapeLeft UIInterfaceOrientationLandscapeRight";
				INFOPLIST_KEY_UISupportedInterfaceOrientations_iPhone = "UIInterfaceOrientationPortrait UIInterfaceOrientationLandscapeLeft UIInterfaceOrientationLandscapeRight";
				IPHONEOS_DEPLOYMENT_TARGET = 15.0;
				LD_RUNPATH_SEARCH_PATHS = (
					"$(inherited)",
					"@executable_path/Frameworks",
				);
				MARKETING_VERSION = 1.0;
				PRODUCT_BUNDLE_IDENTIFIER = rouk1e.TestTaskForSber;
				PRODUCT_NAME = "$(TARGET_NAME)";
				SWIFT_EMIT_LOC_STRINGS = YES;
				SWIFT_VERSION = 5.0;
				TARGETED_DEVICE_FAMILY = "1,2";
			};
			name = Release;
		};
/* End XCBuildConfiguration section */

/* Begin XCConfigurationList section */
		847A7BF32AB6F99D00EFF402 /* Build configuration list for PBXProject "TestTaskForSber" */ = {
			isa = XCConfigurationList;
			buildConfigurations = (
				847A7C042AB6F99D00EFF402 /* Debug */,
				847A7C052AB6F99D00EFF402 /* Release */,
			);
			defaultConfigurationIsVisible = 0;
			defaultConfigurationName = Release;
		};
		847A7C062AB6F99D00EFF402 /* Build configuration list for PBXNativeTarget "TestTaskForSber" */ = {
			isa = XCConfigurationList;
			buildConfigurations = (
				847A7C072AB6F99D00EFF402 /* Debug */,
				847A7C082AB6F99D00EFF402 /* Release */,
			);
			defaultConfigurationIsVisible = 0;
			defaultConfigurationName = Release;
		};
/* End XCConfigurationList section */
	};
	rootObject = 847A7BF02AB6F99D00EFF402 /* Project object */;
}
